
Microsoft Visual Studio Solution File, Format Version 12.00
# Visual Studio Version 17
VisualStudioVersion = 17.4.33213.308
MinimumVisualStudioVersion = 10.0.40219.1
Project("{FAE04EC0-301F-11D3-BF4B-00C04F79EFBC}") = "ConsoleApp2", "ConsoleApp2\ConsoleApp2.csproj", "{1118C9C8-A5D8-463B-BB93-39684A04264D}"
EndProject
Global
	GlobalSection(SolutionConfigurationPlatforms) = preSolution
		Debug|Any CPU = Debug|Any CPU
		Release|Any CPU = Release|Any CPU
	EndGlobalSection
	GlobalSection(ProjectConfigurationPlatforms) = postSolution
		{1118C9C8-A5D8-463B-BB93-39684A04264D}.Debug|Any CPU.ActiveCfg = Debug|Any CPU
		{1118C9C8-A5D8-463B-BB93-39684A04264D}.Debug|Any CPU.Build.0 = Debug|Any CPU
		{1118C9C8-A5D8-463B-BB93-39684A04264D}.Release|Any CPU.ActiveCfg = Release|Any CPU
		{1118C9C8-A5D8-463B-BB93-39684A04264D}.Release|Any CPU.Build.0 = Release|Any CPU
	EndGlobalSection
	GlobalSection(SolutionProperties) = preSolution
		HideSolutionNode = FALSE
	EndGlobalSection
	GlobalSection(ExtensibilityGlobals) = postSolution
		SolutionGuid = {D5787ECA-1532-4579-87DC-192F5EEFB55B}
	EndGlobalSection
EndGlobal
